
Microsoft Visual Studio Solution File, Format Version 12.00
# Visual Studio Version 17
VisualStudioVersion = 17.3.32929.385
MinimumVisualStudioVersion = 10.0.40219.1
Project("{9A19103F-16F7-4668-BE54-9A1E7A4F7556}") = "BlazorApp1.Server", "Server\BlazorApp1.Server.csproj", "{0DFB0BF8-2B5B-4D85-B402-588D9D974F4A}"
EndProject
Project("{9A19103F-16F7-4668-BE54-9A1E7A4F7556}") = "BlazorApp1.Client", "Client\BlazorApp1.Client.csproj", "{F5595089-4173-4681-8D4A-96297914909A}"
EndProject
Project("{9A19103F-16F7-4668-BE54-9A1E7A4F7556}") = "BlazorApp1.Shared", "Shared\BlazorApp1.Shared.csproj", "{DEC60541-4768-4326-A812-C62E1DDAAE5F}"
EndProject
Global
	GlobalSection(SolutionConfigurationPlatforms) = preSolution
		Debug|Any CPU = Debug|Any CPU
		Release|Any CPU = Release|Any CPU
	EndGlobalSection
	GlobalSection(ProjectConfigurationPlatforms) = postSolution
		{0DFB0BF8-2B5B-4D85-B402-588D9D974F4A}.Debug|Any CPU.ActiveCfg = Debug|Any CPU
		{0DFB0BF8-2B5B-4D85-B402-588D9D974F4A}.Debug|Any CPU.Build.0 = Debug|Any CPU
		{0DFB0BF8-2B5B-4D85-B402-588D9D974F4A}.Release|Any CPU.ActiveCfg = Release|Any CPU
		{0DFB0BF8-2B5B-4D85-B402-588D9D974F4A}.Release|Any CPU.Build.0 = Release|Any CPU
		{F5595089-4173-4681-8D4A-96297914909A}.Debug|Any CPU.ActiveCfg = Debug|Any CPU
		{F5595089-4173-4681-8D4A-96297914909A}.Debug|Any CPU.Build.0 = Debug|Any CPU
		{F5595089-4173-4681-8D4A-96297914909A}.Release|Any CPU.ActiveCfg = Release|Any CPU
		{F5595089-4173-4681-8D4A-96297914909A}.Release|Any CPU.Build.0 = Release|Any CPU
		{DEC60541-4768-4326-A812-C62E1DDAAE5F}.Debug|Any CPU.ActiveCfg = Debug|Any CPU
		{DEC60541-4768-4326-A812-C62E1DDAAE5F}.Debug|Any CPU.Build.0 = Debug|Any CPU
		{DEC60541-4768-4326-A812-C62E1DDAAE5F}.Release|Any CPU.ActiveCfg = Release|Any CPU
		{DEC60541-4768-4326-A812-C62E1DDAAE5F}.Release|Any CPU.Build.0 = Release|Any CPU
	EndGlobalSection
	GlobalSection(SolutionProperties) = preSolution
		HideSolutionNode = FALSE
	EndGlobalSection
	GlobalSection(ExtensibilityGlobals) = postSolution
		SolutionGuid = {A9741806-9761-40F5-8BCE-79653C9839BC}
	EndGlobalSection
EndGlobal
